
Microsoft Visual Studio Solution File, Format Version 12.00
# Visual Studio Version 17
VisualStudioVersion = 17.8.34511.84
MinimumVisualStudioVersion = 10.0.40219.1
Project("{FAE04EC0-301F-11D3-BF4B-00C04F79EFBC}") = "Pr1", "Pr1\Pr1.csproj", "{E738A2E6-79DF-488B-A213-C46B37FAF8A8}"
EndProject
Global
	GlobalSection(SolutionConfigurationPlatforms) = preSolution
		Debug|Any CPU = Debug|Any CPU
		Release|Any CPU = Release|Any CPU
	EndGlobalSection
	GlobalSection(ProjectConfigurationPlatforms) = postSolution
		{E738A2E6-79DF-488B-A213-C46B37FAF8A8}.Debug|Any CPU.ActiveCfg = Debug|Any CPU
		{E738A2E6-79DF-488B-A213-C46B37FAF8A8}.Debug|Any CPU.Build.0 = Debug|Any CPU
		{E738A2E6-79DF-488B-A213-C46B37FAF8A8}.Release|Any CPU.ActiveCfg = Release|Any CPU
		{E738A2E6-79DF-488B-A213-C46B37FAF8A8}.Release|Any CPU.Build.0 = Release|Any CPU
	EndGlobalSection
	GlobalSection(SolutionProperties) = preSolution
		HideSolutionNode = FALSE
	EndGlobalSection
	GlobalSection(ExtensibilityGlobals) = postSolution
		SolutionGuid = {8B38E4F0-6106-48DB-8512-301C3F96BD16}
	EndGlobalSection
EndGlobal
